
Microsoft Visual Studio Solution File, Format Version 12.00
# Visual Studio Version 17
VisualStudioVersion = 17.0.32014.148
MinimumVisualStudioVersion = 10.0.40219.1
Project("{2150E333-8FDC-42A3-9474-1A3956D46DE8}") = "Docs", "Docs", "{D8D44DB6-71EF-40C2-8C72-ABBEEB84D28C}"
EndProject
Project("{2150E333-8FDC-42A3-9474-1A3956D46DE8}") = "Src", "Src", "{D2CB1BD8-56A5-4321-BD64-BE1CE37CBCCC}"
EndProject
Project("{2150E333-8FDC-42A3-9474-1A3956D46DE8}") = "Tests", "Tests", "{823011C1-28A8-491F-9FC0-069A7FF9DF68}"
EndProject
Project("{2150E333-8FDC-42A3-9474-1A3956D46DE8}") = "Core", "Core", "{866F656F-717C-4DD6-865A-8741670AADE8}"
EndProject
Project("{2150E333-8FDC-42A3-9474-1A3956D46DE8}") = "Infrastructures", "Infrastructures", "{240E84C2-EE97-4376-8EDD-AD5D19DE1A64}"
EndProject
Project("{2150E333-8FDC-42A3-9474-1A3956D46DE8}") = "Presentation", "Presentation", "{904EEEE2-C6D2-4DBD-AFC8-C813EE14FD7E}"
EndProject
Project("{FAE04EC0-301F-11D3-BF4B-00C04F79EFBC}") = "Application", "Application\Application.csproj", "{727C22DC-7954-4751-A213-98666A8FB4AB}"
EndProject
Project("{FAE04EC0-301F-11D3-BF4B-00C04F79EFBC}") = "Domain", "Domain\Domain.csproj", "{8385C925-F019-4855-AA42-FD94EE11081A}"
EndProject
Project("{FAE04EC0-301F-11D3-BF4B-00C04F79EFBC}") = "Infrastructure", "Infrastructure\Infrastructure.csproj", "{600A76DD-CBFD-4FE0-9E77-B24C11EDB52B}"
EndProject
Project("{FAE04EC0-301F-11D3-BF4B-00C04F79EFBC}") = "Persistence", "Persistence\Persistence.csproj", "{0AB88561-60CA-40BC-8B4A-B9A06BD3C776}"
EndProject
Project("{FAE04EC0-301F-11D3-BF4B-00C04F79EFBC}") = "MainEndpoint", "MainEndpoint\MainEndpoint.csproj", "{276ED644-D61A-4CCC-912E-E15EE47B30D5}"
EndProject
Global
	GlobalSection(SolutionConfigurationPlatforms) = preSolution
		Debug|Any CPU = Debug|Any CPU
		Release|Any CPU = Release|Any CPU
	EndGlobalSection
	GlobalSection(ProjectConfigurationPlatforms) = postSolution
		{727C22DC-7954-4751-A213-98666A8FB4AB}.Debug|Any CPU.ActiveCfg = Debug|Any CPU
		{727C22DC-7954-4751-A213-98666A8FB4AB}.Debug|Any CPU.Build.0 = Debug|Any CPU
		{727C22DC-7954-4751-A213-98666A8FB4AB}.Release|Any CPU.ActiveCfg = Release|Any CPU
		{727C22DC-7954-4751-A213-98666A8FB4AB}.Release|Any CPU.Build.0 = Release|Any CPU
		{8385C925-F019-4855-AA42-FD94EE11081A}.Debug|Any CPU.ActiveCfg = Debug|Any CPU
		{8385C925-F019-4855-AA42-FD94EE11081A}.Debug|Any CPU.Build.0 = Debug|Any CPU
		{8385C925-F019-4855-AA42-FD94EE11081A}.Release|Any CPU.ActiveCfg = Release|Any CPU
		{8385C925-F019-4855-AA42-FD94EE11081A}.Release|Any CPU.Build.0 = Release|Any CPU
		{600A76DD-CBFD-4FE0-9E77-B24C11EDB52B}.Debug|Any CPU.ActiveCfg = Debug|Any CPU
		{600A76DD-CBFD-4FE0-9E77-B24C11EDB52B}.Debug|Any CPU.Build.0 = Debug|Any CPU
		{600A76DD-CBFD-4FE0-9E77-B24C11EDB52B}.Release|Any CPU.ActiveCfg = Release|Any CPU
		{600A76DD-CBFD-4FE0-9E77-B24C11EDB52B}.Release|Any CPU.Build.0 = Release|Any CPU
		{0AB88561-60CA-40BC-8B4A-B9A06BD3C776}.Debug|Any CPU.ActiveCfg = Debug|Any CPU
		{0AB88561-60CA-40BC-8B4A-B9A06BD3C776}.Debug|Any CPU.Build.0 = Debug|Any CPU
		{0AB88561-60CA-40BC-8B4A-B9A06BD3C776}.Release|Any CPU.ActiveCfg = Release|Any CPU
		{0AB88561-60CA-40BC-8B4A-B9A06BD3C776}.Release|Any CPU.Build.0 = Release|Any CPU
		{276ED644-D61A-4CCC-912E-E15EE47B30D5}.Debug|Any CPU.ActiveCfg = Debug|Any CPU
		{276ED644-D61A-4CCC-912E-E15EE47B30D5}.Debug|Any CPU.Build.0 = Debug|Any CPU
		{276ED644-D61A-4CCC-912E-E15EE47B30D5}.Release|Any CPU.ActiveCfg = Release|Any CPU
		{276ED644-D61A-4CCC-912E-E15EE47B30D5}.Release|Any CPU.Build.0 = Release|Any CPU
	EndGlobalSection
	GlobalSection(SolutionProperties) = preSolution
		HideSolutionNode = FALSE
	EndGlobalSection
	GlobalSection(NestedProjects) = preSolution
		{866F656F-717C-4DD6-865A-8741670AADE8} = {D2CB1BD8-56A5-4321-BD64-BE1CE37CBCCC}
		{240E84C2-EE97-4376-8EDD-AD5D19DE1A64} = {D2CB1BD8-56A5-4321-BD64-BE1CE37CBCCC}
		{904EEEE2-C6D2-4DBD-AFC8-C813EE14FD7E} = {D2CB1BD8-56A5-4321-BD64-BE1CE37CBCCC}
		{727C22DC-7954-4751-A213-98666A8FB4AB} = {866F656F-717C-4DD6-865A-8741670AADE8}
		{8385C925-F019-4855-AA42-FD94EE11081A} = {866F656F-717C-4DD6-865A-8741670AADE8}
		{600A76DD-CBFD-4FE0-9E77-B24C11EDB52B} = {240E84C2-EE97-4376-8EDD-AD5D19DE1A64}
		{0AB88561-60CA-40BC-8B4A-B9A06BD3C776} = {240E84C2-EE97-4376-8EDD-AD5D19DE1A64}
		{276ED644-D61A-4CCC-912E-E15EE47B30D5} = {904EEEE2-C6D2-4DBD-AFC8-C813EE14FD7E}
	EndGlobalSection
	GlobalSection(ExtensibilityGlobals) = postSolution
		SolutionGuid = {9EA40F6A-1201-4730-92D7-257F0841E606}
	EndGlobalSection
EndGlobal
